
Microsoft Visual Studio Solution File, Format Version 12.00
# Visual Studio Version 17
VisualStudioVersion = 17.9.34902.65
MinimumVisualStudioVersion = 10.0.40219.1
Project("{9A19103F-16F7-4668-BE54-9A1E7A4F7556}") = "MLKit.Maui.Barcode", "MLKit.Maui.Barcode.csproj", "{9229A2F4-E8BB-4772-B7B3-11BF63364DFC}"
EndProject
Project("{FAE04EC0-301F-11D3-BF4B-00C04F79EFBC}") = "Example.App", "..\Example.App\Example.App.csproj", "{5D9E7BCD-838A-49A6-A8CE-646190E06AC7}"
EndProject
Global
	GlobalSection(SolutionConfigurationPlatforms) = preSolution
		Debug|Any CPU = Debug|Any CPU
		Release|Any CPU = Release|Any CPU
	EndGlobalSection
	GlobalSection(ProjectConfigurationPlatforms) = postSolution
		{9229A2F4-E8BB-4772-B7B3-11BF63364DFC}.Debug|Any CPU.ActiveCfg = Debug|Any CPU
		{9229A2F4-E8BB-4772-B7B3-11BF63364DFC}.Debug|Any CPU.Build.0 = Debug|Any CPU
		{9229A2F4-E8BB-4772-B7B3-11BF63364DFC}.Release|Any CPU.ActiveCfg = Release|Any CPU
		{9229A2F4-E8BB-4772-B7B3-11BF63364DFC}.Release|Any CPU.Build.0 = Release|Any CPU
		{5D9E7BCD-838A-49A6-A8CE-646190E06AC7}.Debug|Any CPU.ActiveCfg = Debug|Any CPU
		{5D9E7BCD-838A-49A6-A8CE-646190E06AC7}.Debug|Any CPU.Build.0 = Debug|Any CPU
		{5D9E7BCD-838A-49A6-A8CE-646190E06AC7}.Debug|Any CPU.Deploy.0 = Debug|Any CPU
		{5D9E7BCD-838A-49A6-A8CE-646190E06AC7}.Release|Any CPU.ActiveCfg = Release|Any CPU
		{5D9E7BCD-838A-49A6-A8CE-646190E06AC7}.Release|Any CPU.Build.0 = Release|Any CPU
		{5D9E7BCD-838A-49A6-A8CE-646190E06AC7}.Release|Any CPU.Deploy.0 = Release|Any CPU
	EndGlobalSection
	GlobalSection(SolutionProperties) = preSolution
		HideSolutionNode = FALSE
	EndGlobalSection
	GlobalSection(ExtensibilityGlobals) = postSolution
		SolutionGuid = {1A33D07D-E99C-4E79-8D37-FCC6E30B0226}
	EndGlobalSection
EndGlobal
